
Microsoft Visual Studio Solution File, Format Version 12.00
# Visual Studio Version 16
VisualStudioVersion = 16.0.30503.244
MinimumVisualStudioVersion = 10.0.40219.1
Project("{8BC9CEB8-8B4A-11D0-8D11-00A0C91BC942}") = "Chain of Responsibility", "Chain of Responsibility.vcxproj", "{537C7B31-6799-4237-A55E-04EAC17705DC}"
EndProject
Global
	GlobalSection(SolutionConfigurationPlatforms) = preSolution
		Debug|x64 = Debug|x64
		Debug|x86 = Debug|x86
		Release|x64 = Release|x64
		Release|x86 = Release|x86
	EndGlobalSection
	GlobalSection(ProjectConfigurationPlatforms) = postSolution
		{537C7B31-6799-4237-A55E-04EAC17705DC}.Debug|x64.ActiveCfg = Debug|x64
		{537C7B31-6799-4237-A55E-04EAC17705DC}.Debug|x64.Build.0 = Debug|x64
		{537C7B31-6799-4237-A55E-04EAC17705DC}.Debug|x86.ActiveCfg = Debug|Win32
		{537C7B31-6799-4237-A55E-04EAC17705DC}.Debug|x86.Build.0 = Debug|Win32
		{537C7B31-6799-4237-A55E-04EAC17705DC}.Release|x64.ActiveCfg = Release|x64
		{537C7B31-6799-4237-A55E-04EAC17705DC}.Release|x64.Build.0 = Release|x64
		{537C7B31-6799-4237-A55E-04EAC17705DC}.Release|x86.ActiveCfg = Release|Win32
		{537C7B31-6799-4237-A55E-04EAC17705DC}.Release|x86.Build.0 = Release|Win32
	EndGlobalSection
	GlobalSection(SolutionProperties) = preSolution
		HideSolutionNode = FALSE
	EndGlobalSection
	GlobalSection(ExtensibilityGlobals) = postSolution
		SolutionGuid = {947D2358-B5F4-4BC7-B0B4-9DB8588F5B2A}
	EndGlobalSection
EndGlobal
