
Microsoft Visual Studio Solution File, Format Version 12.00
# Visual Studio Version 16
VisualStudioVersion = 16.0.30503.244
MinimumVisualStudioVersion = 10.0.40219.1
Project("{8BC9CEB8-8B4A-11D0-8D11-00A0C91BC942}") = "Singleton", "Singleton.vcxproj", "{6A0B4F5B-9B08-4671-A4BC-658A6DB94FB5}"
EndProject
Global
	GlobalSection(SolutionConfigurationPlatforms) = preSolution
		Debug|x64 = Debug|x64
		Debug|x86 = Debug|x86
		Release|x64 = Release|x64
		Release|x86 = Release|x86
	EndGlobalSection
	GlobalSection(ProjectConfigurationPlatforms) = postSolution
		{6A0B4F5B-9B08-4671-A4BC-658A6DB94FB5}.Debug|x64.ActiveCfg = Debug|x64
		{6A0B4F5B-9B08-4671-A4BC-658A6DB94FB5}.Debug|x64.Build.0 = Debug|x64
		{6A0B4F5B-9B08-4671-A4BC-658A6DB94FB5}.Debug|x86.ActiveCfg = Debug|Win32
		{6A0B4F5B-9B08-4671-A4BC-658A6DB94FB5}.Debug|x86.Build.0 = Debug|Win32
		{6A0B4F5B-9B08-4671-A4BC-658A6DB94FB5}.Release|x64.ActiveCfg = Release|x64
		{6A0B4F5B-9B08-4671-A4BC-658A6DB94FB5}.Release|x64.Build.0 = Release|x64
		{6A0B4F5B-9B08-4671-A4BC-658A6DB94FB5}.Release|x86.ActiveCfg = Release|Win32
		{6A0B4F5B-9B08-4671-A4BC-658A6DB94FB5}.Release|x86.Build.0 = Release|Win32
	EndGlobalSection
	GlobalSection(SolutionProperties) = preSolution
		HideSolutionNode = FALSE
	EndGlobalSection
	GlobalSection(ExtensibilityGlobals) = postSolution
		SolutionGuid = {160D3FF5-AB18-4647-8B6F-3D23F71067DA}
	EndGlobalSection
EndGlobal
